
Microsoft Visual Studio Solution File, Format Version 12.00
# Visual Studio Version 16
VisualStudioVersion = 16.0.810.14
MinimumVisualStudioVersion = 10.0.40219.1
Project("{FAE04EC0-301F-11D3-BF4B-00C04F79EFBC}") = "Functions", "Functions\Functions.csproj", "{89E29290-1473-4347-A853-5F359797B723}"
EndProject
Project("{FAE04EC0-301F-11D3-BF4B-00C04F79EFBC}") = "UserNameData", "UserNameData\UserNameData.csproj", "{975532BD-8B8F-4CB0-B691-018D5D219F40}"
EndProject
Project("{FAE04EC0-301F-11D3-BF4B-00C04F79EFBC}") = "UserNameDataTask", "UserNameDataTask\UserNameDataTask.csproj", "{A94BFB0C-CC24-4FDD-870E-5DE8AF6EE74F}"
EndProject
Global
	GlobalSection(SolutionConfigurationPlatforms) = preSolution
		Debug|Any CPU = Debug|Any CPU
		Release|Any CPU = Release|Any CPU
	EndGlobalSection
	GlobalSection(ProjectConfigurationPlatforms) = postSolution
		{89E29290-1473-4347-A853-5F359797B723}.Debug|Any CPU.ActiveCfg = Debug|Any CPU
		{89E29290-1473-4347-A853-5F359797B723}.Debug|Any CPU.Build.0 = Debug|Any CPU
		{89E29290-1473-4347-A853-5F359797B723}.Release|Any CPU.ActiveCfg = Release|Any CPU
		{89E29290-1473-4347-A853-5F359797B723}.Release|Any CPU.Build.0 = Release|Any CPU
		{975532BD-8B8F-4CB0-B691-018D5D219F40}.Debug|Any CPU.ActiveCfg = Debug|Any CPU
		{975532BD-8B8F-4CB0-B691-018D5D219F40}.Debug|Any CPU.Build.0 = Debug|Any CPU
		{975532BD-8B8F-4CB0-B691-018D5D219F40}.Release|Any CPU.ActiveCfg = Release|Any CPU
		{975532BD-8B8F-4CB0-B691-018D5D219F40}.Release|Any CPU.Build.0 = Release|Any CPU
		{A94BFB0C-CC24-4FDD-870E-5DE8AF6EE74F}.Debug|Any CPU.ActiveCfg = Debug|Any CPU
		{A94BFB0C-CC24-4FDD-870E-5DE8AF6EE74F}.Debug|Any CPU.Build.0 = Debug|Any CPU
		{A94BFB0C-CC24-4FDD-870E-5DE8AF6EE74F}.Release|Any CPU.ActiveCfg = Release|Any CPU
		{A94BFB0C-CC24-4FDD-870E-5DE8AF6EE74F}.Release|Any CPU.Build.0 = Release|Any CPU
	EndGlobalSection
	GlobalSection(SolutionProperties) = preSolution
		HideSolutionNode = FALSE
	EndGlobalSection
	GlobalSection(ExtensibilityGlobals) = postSolution
		SolutionGuid = {65E9B6E2-D37E-47D1-9EF2-62F6F3DCFF5E}
	EndGlobalSection
EndGlobal
